
Microsoft Visual Studio Solution File, Format Version 12.00
# Visual Studio Version 16
VisualStudioVersion = 16.0.30907.101
MinimumVisualStudioVersion = 10.0.40219.1
Project("{FAE04EC0-301F-11D3-BF4B-00C04F79EFBC}") = "Log4Net-Sample", "Log4Net-Sample\Log4Net-Sample.csproj", "{C18FE025-E8B7-4B6D-A892-127D939633F2}"
EndProject
Global
	GlobalSection(SolutionConfigurationPlatforms) = preSolution
		Debug|Any CPU = Debug|Any CPU
		Release|Any CPU = Release|Any CPU
	EndGlobalSection
	GlobalSection(ProjectConfigurationPlatforms) = postSolution
		{C18FE025-E8B7-4B6D-A892-127D939633F2}.Debug|Any CPU.ActiveCfg = Debug|Any CPU
		{C18FE025-E8B7-4B6D-A892-127D939633F2}.Debug|Any CPU.Build.0 = Debug|Any CPU
		{C18FE025-E8B7-4B6D-A892-127D939633F2}.Release|Any CPU.ActiveCfg = Release|Any CPU
		{C18FE025-E8B7-4B6D-A892-127D939633F2}.Release|Any CPU.Build.0 = Release|Any CPU
	EndGlobalSection
	GlobalSection(SolutionProperties) = preSolution
		HideSolutionNode = FALSE
	EndGlobalSection
	GlobalSection(ExtensibilityGlobals) = postSolution
		SolutionGuid = {47979274-4BD8-4DC6-A4F1-0A109F1358F7}
	EndGlobalSection
EndGlobal
